
Microsoft Visual Studio Solution File, Format Version 12.00
# Visual Studio Version 16
VisualStudioVersion = 16.0.31105.61
MinimumVisualStudioVersion = 10.0.40219.1
Project("{8BC9CEB8-8B4A-11D0-8D11-00A0C91BC942}") = "k-means", "k-means.vcxproj", "{DD2EAF6F-3491-4213-A358-C3BA67DDFFAE}"
EndProject
Global
	GlobalSection(SolutionConfigurationPlatforms) = preSolution
		Debug|x64 = Debug|x64
		Release|x64 = Release|x64
	EndGlobalSection
	GlobalSection(ProjectConfigurationPlatforms) = postSolution
		{DD2EAF6F-3491-4213-A358-C3BA67DDFFAE}.Debug|x64.ActiveCfg = Debug|x64
		{DD2EAF6F-3491-4213-A358-C3BA67DDFFAE}.Debug|x64.Build.0 = Debug|x64
		{DD2EAF6F-3491-4213-A358-C3BA67DDFFAE}.Release|x64.ActiveCfg = Release|x64
		{DD2EAF6F-3491-4213-A358-C3BA67DDFFAE}.Release|x64.Build.0 = Release|x64
	EndGlobalSection
	GlobalSection(SolutionProperties) = preSolution
		HideSolutionNode = FALSE
	EndGlobalSection
	GlobalSection(ExtensibilityGlobals) = postSolution
		SolutionGuid = {86E16217-AF2A-48F7-8940-783C4FABDEE2}
	EndGlobalSection
EndGlobal
